
Microsoft Visual Studio Solution File, Format Version 12.00
# Visual Studio 2013
VisualStudioVersion = 12.0.21005.1
MinimumVisualStudioVersion = 10.0.40219.1
Project("{FAE04EC0-301F-11D3-BF4B-00C04F79EFBC}") = "SeleniumCalculatorTest", "SeleniumCalculatorTest\SeleniumCalculatorTest.csproj", "{1D0D3B12-2CEA-470D-9818-86A83E06B873}"
EndProject
Global
	GlobalSection(SolutionConfigurationPlatforms) = preSolution
		Debug|Any CPU = Debug|Any CPU
		Release|Any CPU = Release|Any CPU
	EndGlobalSection
	GlobalSection(ProjectConfigurationPlatforms) = postSolution
		{1D0D3B12-2CEA-470D-9818-86A83E06B873}.Debug|Any CPU.ActiveCfg = Debug|Any CPU
		{1D0D3B12-2CEA-470D-9818-86A83E06B873}.Debug|Any CPU.Build.0 = Debug|Any CPU
		{1D0D3B12-2CEA-470D-9818-86A83E06B873}.Release|Any CPU.ActiveCfg = Release|Any CPU
		{1D0D3B12-2CEA-470D-9818-86A83E06B873}.Release|Any CPU.Build.0 = Release|Any CPU
	EndGlobalSection
	GlobalSection(SolutionProperties) = preSolution
		HideSolutionNode = FALSE
	EndGlobalSection
EndGlobal
